
Microsoft Visual Studio Solution File, Format Version 12.00
# Visual Studio 15
VisualStudioVersion = 15.0.28307.757
MinimumVisualStudioVersion = 10.0.40219.1
Project("{FAE04EC0-301F-11D3-BF4B-00C04F79EFBC}") = "Altkom.WPF", "Altkom.WPF\Altkom.WPF.csproj", "{FDB339F6-C9BE-49B8-9904-551306A4E6B3}"
EndProject
Project("{FAE04EC0-301F-11D3-BF4B-00C04F79EFBC}") = "SWOP.Transport.WPFClient", "SWOP.Transport.WPFClient\SWOP.Transport.WPFClient.csproj", "{EC527656-C7DC-41C4-B473-4A12118E6F6B}"
EndProject
Project("{9A19103F-16F7-4668-BE54-9A1E7A4F7556}") = "SWOP.Transport.Models", "SWOP.Transport.Models\SWOP.Transport.Models.csproj", "{0C4A3B26-0839-43C1-A942-645A3FC8C996}"
EndProject
Project("{9A19103F-16F7-4668-BE54-9A1E7A4F7556}") = "SWOP.Transport.ViewModels", "SWOP.Transport.ViewModels\SWOP.Transport.ViewModels.csproj", "{6DA15675-B169-453F-A56E-ADB604B82700}"
EndProject
Project("{9A19103F-16F7-4668-BE54-9A1E7A4F7556}") = "SWOP.Transport.IRepositories", "SWOP.Transport.IRepositories\SWOP.Transport.IRepositories.csproj", "{9F2E012F-55E4-45C9-9BE1-44F029EB3DD6}"
EndProject
Project("{9A19103F-16F7-4668-BE54-9A1E7A4F7556}") = "SWOP.Transport.FakeRepositories", "SWOP.Transport.FakeRepositories\SWOP.Transport.FakeRepositories.csproj", "{4E4A1504-E068-4398-AAAA-C3C1D1D4DA3D}"
EndProject
Project("{FAE04EC0-301F-11D3-BF4B-00C04F79EFBC}") = "SWOP.Resources", "SWOP.Resources\SWOP.Resources.csproj", "{170B3D56-0F5F-46B2-A83F-8C3A4AF2D1A2}"
EndProject
Project("{FAE04EC0-301F-11D3-BF4B-00C04F79EFBC}") = "Altkom.ConsoleClient", "Altkom.ConsoleClient\Altkom.ConsoleClient.csproj", "{BF20DC4D-CC6F-493E-8B19-A65304D80B81}"
EndProject
Global
	GlobalSection(SolutionConfigurationPlatforms) = preSolution
		Debug|Any CPU = Debug|Any CPU
		Release|Any CPU = Release|Any CPU
	EndGlobalSection
	GlobalSection(ProjectConfigurationPlatforms) = postSolution
		{FDB339F6-C9BE-49B8-9904-551306A4E6B3}.Debug|Any CPU.ActiveCfg = Debug|Any CPU
		{FDB339F6-C9BE-49B8-9904-551306A4E6B3}.Debug|Any CPU.Build.0 = Debug|Any CPU
		{FDB339F6-C9BE-49B8-9904-551306A4E6B3}.Release|Any CPU.ActiveCfg = Release|Any CPU
		{FDB339F6-C9BE-49B8-9904-551306A4E6B3}.Release|Any CPU.Build.0 = Release|Any CPU
		{EC527656-C7DC-41C4-B473-4A12118E6F6B}.Debug|Any CPU.ActiveCfg = Debug|Any CPU
		{EC527656-C7DC-41C4-B473-4A12118E6F6B}.Debug|Any CPU.Build.0 = Debug|Any CPU
		{EC527656-C7DC-41C4-B473-4A12118E6F6B}.Release|Any CPU.ActiveCfg = Release|Any CPU
		{EC527656-C7DC-41C4-B473-4A12118E6F6B}.Release|Any CPU.Build.0 = Release|Any CPU
		{0C4A3B26-0839-43C1-A942-645A3FC8C996}.Debug|Any CPU.ActiveCfg = Debug|Any CPU
		{0C4A3B26-0839-43C1-A942-645A3FC8C996}.Debug|Any CPU.Build.0 = Debug|Any CPU
		{0C4A3B26-0839-43C1-A942-645A3FC8C996}.Release|Any CPU.ActiveCfg = Release|Any CPU
		{0C4A3B26-0839-43C1-A942-645A3FC8C996}.Release|Any CPU.Build.0 = Release|Any CPU
		{6DA15675-B169-453F-A56E-ADB604B82700}.Debug|Any CPU.ActiveCfg = Debug|Any CPU
		{6DA15675-B169-453F-A56E-ADB604B82700}.Debug|Any CPU.Build.0 = Debug|Any CPU
		{6DA15675-B169-453F-A56E-ADB604B82700}.Release|Any CPU.ActiveCfg = Release|Any CPU
		{6DA15675-B169-453F-A56E-ADB604B82700}.Release|Any CPU.Build.0 = Release|Any CPU
		{9F2E012F-55E4-45C9-9BE1-44F029EB3DD6}.Debug|Any CPU.ActiveCfg = Debug|Any CPU
		{9F2E012F-55E4-45C9-9BE1-44F029EB3DD6}.Debug|Any CPU.Build.0 = Debug|Any CPU
		{9F2E012F-55E4-45C9-9BE1-44F029EB3DD6}.Release|Any CPU.ActiveCfg = Release|Any CPU
		{9F2E012F-55E4-45C9-9BE1-44F029EB3DD6}.Release|Any CPU.Build.0 = Release|Any CPU
		{4E4A1504-E068-4398-AAAA-C3C1D1D4DA3D}.Debug|Any CPU.ActiveCfg = Debug|Any CPU
		{4E4A1504-E068-4398-AAAA-C3C1D1D4DA3D}.Debug|Any CPU.Build.0 = Debug|Any CPU
		{4E4A1504-E068-4398-AAAA-C3C1D1D4DA3D}.Release|Any CPU.ActiveCfg = Release|Any CPU
		{4E4A1504-E068-4398-AAAA-C3C1D1D4DA3D}.Release|Any CPU.Build.0 = Release|Any CPU
		{170B3D56-0F5F-46B2-A83F-8C3A4AF2D1A2}.Debug|Any CPU.ActiveCfg = Debug|Any CPU
		{170B3D56-0F5F-46B2-A83F-8C3A4AF2D1A2}.Debug|Any CPU.Build.0 = Debug|Any CPU
		{170B3D56-0F5F-46B2-A83F-8C3A4AF2D1A2}.Release|Any CPU.ActiveCfg = Release|Any CPU
		{170B3D56-0F5F-46B2-A83F-8C3A4AF2D1A2}.Release|Any CPU.Build.0 = Release|Any CPU
		{BF20DC4D-CC6F-493E-8B19-A65304D80B81}.Debug|Any CPU.ActiveCfg = Debug|Any CPU
		{BF20DC4D-CC6F-493E-8B19-A65304D80B81}.Debug|Any CPU.Build.0 = Debug|Any CPU
		{BF20DC4D-CC6F-493E-8B19-A65304D80B81}.Release|Any CPU.ActiveCfg = Release|Any CPU
		{BF20DC4D-CC6F-493E-8B19-A65304D80B81}.Release|Any CPU.Build.0 = Release|Any CPU
	EndGlobalSection
	GlobalSection(SolutionProperties) = preSolution
		HideSolutionNode = FALSE
	EndGlobalSection
	GlobalSection(ExtensibilityGlobals) = postSolution
		SolutionGuid = {1380B169-B9BA-45D4-A1BD-7A561CF5E92D}
	EndGlobalSection
EndGlobal
